# This file is automatically @generated by Poetry 2.4.1 and should not be changed by hand.

[[package]]
name = "colorama"
version = "0.4.6"
description = "Cross-platform colored terminal text."
optional = false
python-versions = "!=3.0.*,!=3.1.*,!=3.2.*,!=3.3.*,!=3.4.*,!=3.5.*,!=3.6.*,>=2.7"
groups = ["dev"]
markers = "sys_platform == \"win32\""
files = [
    {file = "colorama-0.4.6-py2.py3-none-any.whl", hash = "sha256:4f1d9991f5acc0ca119f9d443620b77f9d6b33703e51011c16baf57afb285fc6"},
    {file = "colorama-0.4.6.tar.gz", hash = "sha256:08695f5cb7ed6e0531a20572697297273c47b8cae5a63ffc6d6ed5c201be6e44"},
]

[[package]]
name = "dateparser"
version = "1.1.8"
description = "Date parsing library designed to parse dates from HTML pages"
optional = false
python-versions = ">=3.7"
groups = ["main"]
files = [
    {file = "dateparser-1.1.8-py2.py3-none-any.whl", hash = "sha256:070b29b5bbf4b1ec2cd51c96ea040dc68a614de703910a91ad1abba18f9f379f"},
    {file = "dateparser-1.1.8.tar.gz", hash = "sha256:86b8b7517efcc558f085a142cdb7620f0921543fcabdb538c8a4c4001d8178e3"},
]

[package.dependencies]
python-dateutil = "*"
pytz = "*"
regex = "<2019.2.19 || >2019.2.19,<2021.8.27 || >2021.8.27"
tzlocal = "*"

[package.extras]
calendars = ["convertdate", "hijri-converter"]
fasttext = ["fasttext"]
langdetect = ["langdetect"]

[[package]]
name = "iniconfig"
version = "2.3.0"
description = "brain-dead simple config-ini parsing"
optional = false
python-versions = ">=3.10"
groups = ["dev"]
files = [
    {file = "iniconfig-2.3.0-py3-none-any.whl", hash = "sha256:f631c04d2c48c52b84d0d0549c99ff3859c98df65b3101406327ecc7d53fbf12"},
    {file = "iniconfig-2.3.0.tar.gz", hash = "sha256:c76315c77db068650d49c5b56314774a7804df16fee4402c1f19d6d15d8c4730"},
]

[[package]]
name = "packaging"
version = "26.2"
description = "Core utilities for Python packages"
optional = false
python-versions = ">=3.8"
groups = ["dev"]
files = [
    {file = "packaging-26.2-py3-none-any.whl", hash = "sha256:5fc45236b9446107ff2415ce77c807cee2862cb6fac22b8a73826d0693b0980e"},
    {file = "packaging-26.2.tar.gz", hash = "sha256:ff452ff5a3e828ce110190feff1178bb1f2ea2281fa2075aadb987c2fb221661"},
]

[[package]]
name = "pluggy"
version = "1.6.0"
description = "plugin and hook calling mechanisms for python"
optional = false
python-versions = ">=3.9"
groups = ["dev"]
files = [
    {file = "pluggy-1.6.0-py3-none-any.whl", hash = "sha256:e920276dd6813095e9377c0bc5566d94c932c33b27a3e3945d8389c374dd4746"},
    {file = "pluggy-1.6.0.tar.gz", hash = "sha256:7dcc130b76258d33b90f61b658791dede3486c3e6bfb003ee5c9bfb396dd22f3"},
]

[package.extras]
dev = ["pre-commit", "tox"]
testing = ["coverage", "pytest", "pytest-benchmark"]

[[package]]
name = "pycairo"
version = "1.29.0"
description = "Python interface for cairo"
optional = false
python-versions = ">=3.10"
groups = ["main"]
markers = "sys_platform == \"linux\""
files = [
    {file = "pycairo-1.29.0-cp310-cp310-win32.whl", hash = "sha256:96c67e6caba72afd285c2372806a0175b1aa2f4537aa88fb4d9802d726effcd1"},
    {file = "pycairo-1.29.0-cp310-cp310-win_amd64.whl", hash = "sha256:65bddd944aee9f7d7d72821b1c87e97593856617c2820a78d589d66aa8afbd08"},
    {file = "pycairo-1.29.0-cp310-cp310-win_arm64.whl", hash = "sha256:15b36aea699e2ff215cb6a21501223246032e572a3a10858366acdd69c81a1c8"},
    {file = "pycairo-1.29.0-cp311-cp311-win32.whl", hash = "sha256:12757ebfb304b645861283c20585c9204c3430671fad925419cba04844d6dfed"},
    {file = "pycairo-1.29.0-cp311-cp311-win_amd64.whl", hash = "sha256:3391532db03f9601c1cee9ebfa15b7d1db183c6020f3e75c1348cee16825934f"},
    {file = "pycairo-1.29.0-cp311-cp311-win_arm64.whl", hash = "sha256:b69be8bb65c46b680771dc6a1a422b1cdd0cffb17be548f223e8cbbb6205567c"},
    {file = "pycairo-1.29.0-cp312-cp312-win32.whl", hash = "sha256:91bcd7b5835764c616a615d9948a9afea29237b34d2ed013526807c3d79bb1d0"},
    {file = "pycairo-1.29.0-cp312-cp312-win_amd64.whl", hash = "sha256:3f01c3b5e49ef9411fff6bc7db1e765f542dc1c9cfed4542958a5afa3a8b8e76"},
    {file = "pycairo-1.29.0-cp312-cp312-win_arm64.whl", hash = "sha256:eafe3d2076f3533535ad4a361fa0754e0ee66b90e548a3a0f558fed00b1248f2"},
    {file = "pycairo-1.29.0-cp313-cp313-win32.whl", hash = "sha256:3eb382a4141591807073274522f7aecab9e8fa2f14feafd11ac03a13a58141d7"},
    {file = "pycairo-1.29.0-cp313-cp313-win_amd64.whl", hash = "sha256:91114e4b3fbf4287c2b0788f83e1f566ce031bda49cf1c3c3c19c3e986e95c38"},
    {file = "pycairo-1.29.0-cp313-cp313-win_arm64.whl", hash = "sha256:09b7f69a5ff6881e151354ea092137b97b0b1f0b2ab4eb81c92a02cc4a08e335"},
    {file = "pycairo-1.29.0-cp314-cp314-win32.whl", hash = "sha256:69e2a7968a3fbb839736257bae153f547bca787113cc8d21e9e08ca4526e0b6b"},
    {file = "pycairo-1.29.0-cp314-cp314-win_amd64.whl", hash = "sha256:e91243437a21cc4c67c401eff4433eadc45745275fa3ade1a0d877e50ffb90da"},
    {file = "pycairo-1.29.0-cp314-cp314-win_arm64.whl", hash = "sha256:b72200ea0e5f73ae4c788cd2028a750062221385eb0e6d8f1ecc714d0b4fdf82"},
    {file = "pycairo-1.29.0-cp314-cp314t-win_amd64.whl", hash = "sha256:5e45fce6185f553e79e4ef1722b8e98e6cde9900dbc48cb2637a9ccba86f627a"},
    {file = "pycairo-1.29.0-cp314-cp314t-win_arm64.whl", hash = "sha256:caba0837a4b40d47c8dfb0f24cccc12c7831e3dd450837f2a356c75f21ce5a15"},
    {file = "pycairo-1.29.0.tar.gz", hash = "sha256:f3f7fde97325cae80224c09f12564ef58d0d0f655da0e3b040f5807bd5bd3142"},
]

[[package]]
name = "pygments"
version = "2.20.0"
description = "Pygments is a syntax highlighting package written in Python."
optional = false
python-versions = ">=3.9"
groups = ["dev"]
files = [
    {file = "pygments-2.20.0-py3-none-any.whl", hash = "sha256:81a9e26dd42fd28a23a2d169d86d7ac03b46e2f8b59ed4698fb4785f946d0176"},
    {file = "pygments-2.20.0.tar.gz", hash = "sha256:6757cd03768053ff99f3039c1a36d6c0aa0b263438fcab17520b30a303a82b5f"},
]

[package.extras]
windows-terminal = ["colorama (>=0.4.6)"]

[[package]]
name = "pygobject"
version = "3.56.3"
description = "Python bindings for GObject Introspection"
optional = false
python-versions = ">=3.10"
groups = ["main"]
markers = "sys_platform == \"linux\""
files = [
    {file = "pygobject-3.56.3.tar.gz", hash = "sha256:12760e4a0e3d04b6eb95e06f7a27e362c826d567ea613373a92c003b6c70d2d6"},
]

[package.dependencies]
pycairo = ">=1.16"

[[package]]
name = "pytest"
version = "9.1.1"
description = "pytest: simple powerful testing with Python"
optional = false
python-versions = ">=3.10"
groups = ["dev"]
files = [
    {file = "pytest-9.1.1-py3-none-any.whl", hash = "sha256:37a86b45efb9a47a61a36449063e8e18d0cab3161329fc099eb21783169c4f0c"},
    {file = "pytest-9.1.1.tar.gz", hash = "sha256:1088fbde8f2b49d95a549a195707afa7a76a3ce9bcadc26b6d71f0ffda5fe313"},
]

[package.dependencies]
colorama = {version = ">=0.4", markers = "sys_platform == \"win32\""}
iniconfig = ">=1.0.1"
packaging = ">=22"
pluggy = ">=1.5,<2"
pygments = ">=2.7.2"

[package.extras]
dev = ["argcomplete", "attrs (>=19.2)", "hypothesis (>=3.56)", "mock", "requests", "setuptools", "xmlschema"]

[[package]]
name = "python-dateutil"
version = "2.8.2"
description = "Extensions to the standard Python datetime module"
optional = false
python-versions = "!=3.0.*,!=3.1.*,!=3.2.*,>=2.7"
groups = ["main"]
files = [
    {file = "python-dateutil-2.8.2.tar.gz", hash = "sha256:0123cacc1627ae19ddf3c27a5de5bd67ee4586fbdd6440d9748f8abb483d3e86"},
    {file = "python_dateutil-2.8.2-py2.py3-none-any.whl", hash = "sha256:961d03dc3453ebbc59dbdea9e4e11c5651520a876d0f4db161e8674aae935da9"},
]

[package.dependencies]
six = ">=1.5"

[[package]]
name = "pytz"
version = "2023.3"
description = "World timezone definitions, modern and historical"
optional = false
python-versions = "*"
groups = ["main"]
files = [
    {file = "pytz-2023.3-py2.py3-none-any.whl", hash = "sha256:a151b3abb88eda1d4e34a9814df37de2a80e301e68ba0fd856fb9b46bfbbbffb"},
    {file = "pytz-2023.3.tar.gz", hash = "sha256:1d8ce29db189191fb55338ee6d0387d82ab59f3d00eac103412d64e0ebd0c588"},
]

[[package]]
name = "regex"
version = "2026.7.19"
description = "Alternative regular expression module, to replace re."
optional = false
python-versions = ">=3.10"
groups = ["main"]
files = [
    {file = "regex-2026.7.19-cp310-cp310-macosx_10_9_universal2.whl", hash = "sha256:555497390743af1a65045fa4527782d10ff5b88970359412baa4a1e628fe393b"},
    {file = "regex-2026.7.19-cp310-cp310-macosx_10_9_x86_64.whl", hash = "sha256:343a4504e3fb688c47cad451221ca5d4814f42b1e16c0065bde9cbf7f473bd52"},
    {file = "regex-2026.7.19-cp310-cp310-macosx_11_0_arm64.whl", hash = "sha256:5ebee1ee89c39c953baac6924fcde08c5bb427c4057510862f9d7c7bdb3d8665"},
    {file = "regex-2026.7.19-cp310-cp310-manylinux2014_aarch64.manylinux_2_17_aarch64.manylinux_2_28_aarch64.whl", hash = "sha256:062f8cb7a9739c4835d22bd96f370c59aba89f257adcfa53be3cc209e08d3ae0"},
    {file = "regex-2026.7.19-cp310-cp310-manylinux2014_ppc64le.manylinux_2_17_ppc64le.manylinux_2_28_ppc64le.whl", hash = "sha256:1123ef4211d763ee771d47916a1596e2f4915794f7aabdc1adcb20e4249a6951"},
    {file = "regex-2026.7.19-cp310-cp310-manylinux2014_s390x.manylinux_2_17_s390x.manylinux_2_28_s390x.whl", hash = "sha256:6e44c0e7c5664be20aee92085153150c0a7967310a73a43c0f832b7cd35d0dd3"},
    {file = "regex-2026.7.19-cp310-cp310-manylinux2014_x86_64.manylinux_2_17_x86_64.manylinux_2_28_x86_64.whl", hash = "sha256:98c6ac18480fcdb33f35439183f1d2e79760ab41930309c6d951cb1f8e46694c"},
    {file = "regex-2026.7.19-cp310-cp310-manylinux2014_x86_64.manylinux_2_17_x86_64.whl", hash = "sha256:4458124d71339f505bf1fb94f69fd1bb8fa9d2481eebfef27c10ef4f2b9e12f6"},
    {file = "regex-2026.7.19-cp310-cp310-manylinux_2_31_riscv64.manylinux_2_39_riscv64.whl", hash = "sha256:fbf300e2070bb35038660b3be1be4b91b0024edb41517e6996320b49b92b4175"},
    {file = "regex-2026.7.19-cp310-cp310-musllinux_1_2_aarch64.whl", hash = "sha256:b2b506b1788df5fecd270a10d5e70a95fe77b87ea2b370a318043f6f5f817ee6"},
    {file = "regex-2026.7.19-cp310-cp310-musllinux_1_2_ppc64le.whl", hash = "sha256:52579c60a6078be70a0e49c81d6e56d677f34cd439af281a0083b8c7bc75c095"},
    {file = "regex-2026.7.19-cp310-cp310-musllinux_1_2_riscv64.whl", hash = "sha256:2955907b7157a6660f27079edf7e0229e9c9c5325c77a2ef6a890cba91efa6f0"},
    {file = "regex-2026.7.19-cp310-cp310-musllinux_1_2_s390x.whl", hash = "sha256:89dfee3319f5ae3f75ebd5c2445a809bb320252ba5529ffdafea4ef25d79cf1a"},
    {file = "regex-2026.7.19-cp310-cp310-musllinux_1_2_x86_64.whl", hash = "sha256:3d3143f159261b1ce5b24c261c590e5913370c3200c5e9ebbb92b5aa5e111902"},
    {file = "regex-2026.7.19-cp310-cp310-win32.whl", hash = "sha256:64729333167c2dcaaa56a331d40ee097bd9c5617ffd51dabb09eaddafb1b532e"},
    {file = "regex-2026.7.19-cp310-cp310-win_amd64.whl", hash = "sha256:1c398716054621aa300b3d411f467dda903806c5da0df6945ab73982b8d115db"},
    {file = "regex-2026.7.19-cp310-cp310-win_arm64.whl", hash = "sha256:064f1760a5a4ade65c5419be23e782f29147528e8a66e0c42dd4cedb8d4e9fc6"},
    {file = "regex-2026.7.19-cp311-cp311-macosx_10_9_universal2.whl", hash = "sha256:ac777001cdfc28b72477d93c8564bb7583081ea8fb45cdca3d568e0a4f87183c"},
    {file = "regex-2026.7.19-cp311-cp311-macosx_10_9_x86_64.whl", hash = "sha256:59787bd5f8c70aa339084e961d2996b53fbdeab4d5393bba5c1fe1fc32e02bae"},
    {file = "regex-2026.7.19-cp311-cp311-macosx_11_0_arm64.whl", hash = "sha256:90c633e7e8d6bf4e992b8b36ce69e018f834b641dd6de8cea6d78c06ffa119c5"},
    {file = "regex-2026.7.19-cp311-cp311-manylinux2014_aarch64.manylinux_2_17_aarch64.manylinux_2_28_aarch64.whl", hash = "sha256:87ccab0db8d5f4fbb0272642113c1adb2ffc698c16d3a0944580222331fa7a20"},
    {file = "regex-2026.7.19-cp311-cp311-manylinux2014_ppc64le.manylinux_2_17_ppc64le.manylinux_2_28_ppc64le.whl", hash = "sha256:9e50d748a32da622f256e8d505867f5d3c43a837c6a9f0efb149655fadd1042a"},
    {file = "regex-2026.7.19-cp311-cp311-manylinux2014_s390x.manylinux_2_17_s390x.manylinux_2_28_s390x.whl", hash = "sha256:bf1516fe58fc104f39b2d1dbe2d5e27d0cd45c4be2e42ba6ee0cc763701ec3c7"},
    {file = "regex-2026.7.19-cp311-cp311-manylinux2014_x86_64.manylinux_2_17_x86_64.manylinux_2_28_x86_64.whl", hash = "sha256:09f3e5287f94f17b709dc9a9e70865855feee835c861613be144218ce4ca82cc"},
    {file = "regex-2026.7.19-cp311-cp311-manylinux_2_31_riscv64.manylinux_2_39_riscv64.whl", hash = "sha256:6383cd2ed53a646c659ba1fe65727db76437fdaa069e697a0b44a51d5843d864"},
    {file = "regex-2026.7.19-cp311-cp311-musllinux_1_2_aarch64.whl", hash = "sha256:09d3007fc76249a83cdd33de160d50e6cb77f54e09d8fa9e7148e10607ce24af"},
    {file = "regex-2026.7.19-cp311-cp311-musllinux_1_2_ppc64le.whl", hash = "sha256:6f8c6e7a1cfa3dc9d0ee2de0e65e834537fa29992cc3976ffec914afc35c5dd5"},
    {file = "regex-2026.7.19-cp311-cp311-musllinux_1_2_riscv64.whl", hash = "sha256:b2ea4a3e8357be8849e833beeae757ac3c7a6b3fc055c03c808a53c91ad30d82"},
    {file = "regex-2026.7.19-cp311-cp311-musllinux_1_2_s390x.whl", hash = "sha256:80115dd39481fd3a4b4080220799dbcacb921a844de4b827264ececacbe17c78"},
    {file = "regex-2026.7.19-cp311-cp311-musllinux_1_2_x86_64.whl", hash = "sha256:d6ce43a0269d68cee79a7d1ade7def53c20f8f2a047b92d7b5d5bcc73ae88327"},
    {file = "regex-2026.7.19-cp311-cp311-win32.whl", hash = "sha256:9be2a6647740dd3cca6acb24e87f03d7632cd280dbce9bbe40c26353a215a45d"},
    {file = "regex-2026.7.19-cp311-cp311-win_amd64.whl", hash = "sha256:8d3469c91dd92ee41b7c95280edbd975ef1ba9195086686623a1c6e8935ce965"},
    {file = "regex-2026.7.19-cp311-cp311-win_arm64.whl", hash = "sha256:36aacfb15faaff3ced55afbf35ec72f50d4aee22082c4f7fe0573a33e2fca92e"},
    {file = "regex-2026.7.19-cp312-cp312-macosx_10_13_universal2.whl", hash = "sha256:2cc3460cedf7579948486eab03bc9ad7089df4d7281c0f47f4afe03e8d13f02d"},
    {file = "regex-2026.7.19-cp312-cp312-macosx_10_13_x86_64.whl", hash = "sha256:0e9554c8785eac5cffe6300f69a91f58ba72bc88a5f8d661235ad7c6aa5b8ccd"},
    {file = "regex-2026.7.19-cp312-cp312-macosx_11_0_arm64.whl", hash = "sha256:d7da47a0f248977f08e2cb659ff3c17ddc13a4d39b3a7baa0a81bf5b415430f6"},
    {file = "regex-2026.7.19-cp312-cp312-manylinux2014_aarch64.manylinux_2_17_aarch64.manylinux_2_28_aarch64.whl", hash = "sha256:93db40c8de0815baab96a06e08a984bac71f989d13bab789e382158c5d426797"},
    {file = "regex-2026.7.19-cp312-cp312-manylinux2014_ppc64le.manylinux_2_17_ppc64le.manylinux_2_28_ppc64le.whl", hash = "sha256:66bd62c59a5427746e8c44becae1d9b99d22fb13f30f492083dfb9ad7c45cc18"},
    {file = "regex-2026.7.19-cp312-cp312-manylinux2014_s390x.manylinux_2_17_s390x.manylinux_2_28_s390x.whl", hash = "sha256:1649eb39fcc9ea80c4d2f110fde2b8ab2aef3877b98f02ab9b14e961f418c511"},
    {file = "regex-2026.7.19-cp312-cp312-manylinux2014_x86_64.manylinux_2_17_x86_64.manylinux_2_28_x86_64.whl", hash = "sha256:9dce8ec9695f531a1b8a6f314fd4b393adcccf2ea861db480cdf97a301d01a68"},
    {file = "regex-2026.7.19-cp312-cp312-manylinux_2_31_riscv64.manylinux_2_39_riscv64.whl", hash = "sha256:3080a7fd38ef049bd489e01c970c97dd84ff446a885b0f1f6b26d9b1ad13ce11"},
    {file = "regex-2026.7.19-cp312-cp312-musllinux_1_2_aarch64.whl", hash = "sha256:1d793a7988e04fcb1e2e135567443d82173225d657419ec09414a9b5a145b986"},
    {file = "regex-2026.7.19-cp312-cp312-musllinux_1_2_ppc64le.whl", hash = "sha256:e8b0abe7d870f53ca5143895fef7d1041a0c831a140d3dc2c760dd7ba25d4a8b"},
    {file = "regex-2026.7.19-cp312-cp312-musllinux_1_2_riscv64.whl", hash = "sha256:4e5413bd5f13d3a4e3539ca98f70f75e7fca92518dd7f117f030ebedd10b60cb"},
    {file = "regex-2026.7.19-cp312-cp312-musllinux_1_2_s390x.whl", hash = "sha256:73b133a9e6fb512858e7f065e96f1180aa46646bc74a83aea62f1d314f3dd035"},
    {file = "regex-2026.7.19-cp312-cp312-musllinux_1_2_x86_64.whl", hash = "sha256:dbe6493fbd27321b1d1f2dd4f5c7e5bd4d8b1d7cab7f32fd67db3d0b2ed8248a"},
    {file = "regex-2026.7.19-cp312-cp312-win32.whl", hash = "sha256:ddd67571c10869f65a5d7dde536d1e066e306cc90de57d7de4d5f34802428bb5"},
    {file = "regex-2026.7.19-cp312-cp312-win_amd64.whl", hash = "sha256:e30d40268a28d54ce0437031750497004c22602b8e3ab891f759b795a003b312"},
    {file = "regex-2026.7.19-cp312-cp312-win_arm64.whl", hash = "sha256:de9208bb427130c82a5dbfd104f92c8876fc9559278c880b3002755bbbe9c83d"},
    {file = "regex-2026.7.19-cp313-cp313-macosx_10_13_universal2.whl", hash = "sha256:f035d9dc1d25eff9d361456572231c7d27b5ccd473ca7dc0adfce732bd006d40"},
    {file = "regex-2026.7.19-cp313-cp313-macosx_10_13_x86_64.whl", hash = "sha256:c42572142ed0b9d5d261ba727157c426510da78e20828b66bbb855098b8a4e38"},
    {file = "regex-2026.7.19-cp313-cp313-macosx_11_0_arm64.whl", hash = "sha256:40b34dd88658e4fedd2fddbf0275ac970d00614b731357f425722a3ed1983d11"},
    {file = "regex-2026.7.19-cp313-cp313-manylinux2014_aarch64.manylinux_2_17_aarch64.manylinux_2_28_aarch64.whl", hash = "sha256:0c41c63992bf1874cebb6e7f56fd7d3c007924659a604ae3d90e427d40d4fd13"},
    {file = "regex-2026.7.19-cp313-cp313-manylinux2014_ppc64le.manylinux_2_17_ppc64le.manylinux_2_28_ppc64le.whl", hash = "sha256:1d3372064506b94dd2c67c845f2db8062e9e9ba84d04e33cb96d7d33c11fe1ae"},
    {file = "regex-2026.7.19-cp313-cp313-manylinux2014_s390x.manylinux_2_17_s390x.manylinux_2_28_s390x.whl", hash = "sha256:fce7760bf283405b2c7999cab3da4e72f7deca6396013115e3f7a955db9760da"},
    {file = "regex-2026.7.19-cp313-cp313-manylinux2014_x86_64.manylinux_2_17_x86_64.manylinux_2_28_x86_64.whl", hash = "sha256:c0d702548d89d572b2929879bc883bb7a4c4709efafe4512cadee56c55c9bd15"},
    {file = "regex-2026.7.19-cp313-cp313-manylinux_2_31_riscv64.manylinux_2_39_riscv64.whl", hash = "sha256:d446c6ac40bb6e05025ccee55b84d80fe9bf8e93010ffc4bb9484f13d498835f"},
    {file = "regex-2026.7.19-cp313-cp313-musllinux_1_2_aarch64.whl", hash = "sha256:4c3501bfa814ab07b5580741f9bf78dfdfe146a04057f82df9e2402d2a975939"},
    {file = "regex-2026.7.19-cp313-cp313-musllinux_1_2_ppc64le.whl", hash = "sha256:c4585c3e64b4f9e583b4d2683f18f5d5d872b3d71dcf24594b74ecc23602fa96"},
    {file = "regex-2026.7.19-cp313-cp313-musllinux_1_2_riscv64.whl", hash = "sha256:571fde9741eb0ccde23dd4e0c1d50fbae910e901fa7e629faf39b2dda740d220"},
    {file = "regex-2026.7.19-cp313-cp313-musllinux_1_2_s390x.whl", hash = "sha256:15b364b9b98d6d2fe1a85034c23a3180ff913f46caddc3895f6fd65186255ccc"},
    {file = "regex-2026.7.19-cp313-cp313-musllinux_1_2_x86_64.whl", hash = "sha256:ffd8893ccc1c2fce6e0d6ca402d716fe1b29db70c7132609a05955e31b2aa8f2"},
    {file = "regex-2026.7.19-cp313-cp313-win32.whl", hash = "sha256:f0fa4fa9c3632d708742baf2282f2055c11d888a790362670a403cbf48a2c404"},
    {file = "regex-2026.7.19-cp313-cp313-win_amd64.whl", hash = "sha256:d51ffd3427640fa2da6ade574ceba932f210ad095f65fcc450a2b0a0d454868e"},
    {file = "regex-2026.7.19-cp313-cp313-win_arm64.whl", hash = "sha256:c670fe7be5b6020b76bc6e8d2196074657e1327595bca93a389e1a76ab130ad8"},
    {file = "regex-2026.7.19-cp313-cp313t-macosx_10_13_universal2.whl", hash = "sha256:db47b561c9afd884baa1f96f797c9ca369872c4b65912bc691cfa99e68340af2"},
    {file = "regex-2026.7.19-cp313-cp313t-macosx_10_13_x86_64.whl", hash = "sha256:65dcd28d3eba2ab7c2fd906485cc301392b47cc2234790d27d4e4814e02cdfda"},
    {file = "regex-2026.7.19-cp313-cp313t-macosx_11_0_arm64.whl", hash = "sha256:f2e7f8e2ab6c2922be02c7ec45185aa5bd771e2e57b95455ee343a44d8130dff"},
    {file = "regex-2026.7.19-cp313-cp313t-manylinux2014_aarch64.manylinux_2_17_aarch64.manylinux_2_28_aarch64.whl", hash = "sha256:fe31f28c94402043161876a258a9c6f757cb485905c7614ce8d6cd40e6b7bdc1"},
    {file = "regex-2026.7.19-cp313-cp313t-manylinux2014_ppc64le.manylinux_2_17_ppc64le.manylinux_2_28_ppc64le.whl", hash = "sha256:f8f6fa298bb4f7f58a33334406218ba74716e68feddf5e4e54cd5d8082705abf"},
    {file = "regex-2026.7.19-cp313-cp313t-manylinux2014_s390x.manylinux_2_17_s390x.manylinux_2_28_s390x.whl", hash = "sha256:cc1b2440423a851fad781309dd87843868f4f66a6bcd1ddb9225cf4ec2c84732"},
    {file = "regex-2026.7.19-cp313-cp313t-manylinux2014_x86_64.manylinux_2_17_x86_64.manylinux_2_28_x86_64.whl", hash = "sha256:8ac59a0900474a52b7c04af8196affc22bd9842acb0950df12f7b813e983609a"},
    {file = "regex-2026.7.19-cp313-cp313t-manylinux_2_31_riscv64.manylinux_2_39_riscv64.whl", hash = "sha256:4896db1f4ce0576765b8272aa922df324e0f5b9bb2c3d03044ff32a7234a9aba"},
    {file = "regex-2026.7.19-cp313-cp313t-musllinux_1_2_aarch64.whl", hash = "sha256:4e6883a021db30511d9fb8cfb0f222ce1f2c369f7d4d8b0448f449a93ba0bdfc"},
    {file = "regex-2026.7.19-cp313-cp313t-musllinux_1_2_ppc64le.whl", hash = "sha256:09523a592938aa9f587fb74467c63ff0cf88fc3df14c82ab0f0517dcf76aaa62"},
    {file = "regex-2026.7.19-cp313-cp313t-musllinux_1_2_riscv64.whl", hash = "sha256:1ebac3474b8589fce2f9b225b650afd61448f7c73a5d0255a10cc6366471aed1"},
    {file = "regex-2026.7.19-cp313-cp313t-musllinux_1_2_s390x.whl", hash = "sha256:4a0530bb1b8c1c985e7e2122e2b4d3aedd8a3c21c6bfddae6767c4405668b56e"},
    {file = "regex-2026.7.19-cp313-cp313t-musllinux_1_2_x86_64.whl", hash = "sha256:2ef7eeb108c47ce7bcc9513e51bcb1bf57e8f483d52fce68a8642e3527141ae0"},
    {file = "regex-2026.7.19-cp313-cp313t-win32.whl", hash = "sha256:64b6ca7391a1395c2638dd5c7456d67bea44fc6c5e8e92c5dc8aa6a8f23292b4"},
    {file = "regex-2026.7.19-cp313-cp313t-win_amd64.whl", hash = "sha256:f04b9f56b0e0614c0126be12c2c2d9f8850c1e57af302bd0a63bed379d4af974"},
    {file = "regex-2026.7.19-cp313-cp313t-win_arm64.whl", hash = "sha256:fcee38cd8e5089d6d4f048ba1233b3ad76e5954f545382180889112ff5cb712d"},
    {file = "regex-2026.7.19-cp314-cp314-macosx_10_13_universal2.whl", hash = "sha256:a81758ed242b861b72e778ba34d41366441a2e10b16b472784c88da2dea7e2dd"},
    {file = "regex-2026.7.19-cp314-cp314-macosx_10_13_x86_64.whl", hash = "sha256:4aa5435cdb3eb6f55fe98a171b05e3fbcd95fadaa4aa32acf62afd9b0cfdbcac"},
    {file = "regex-2026.7.19-cp314-cp314-macosx_11_0_arm64.whl", hash = "sha256:60be8693a1dadc210bbcbc0db3e26da5f7d01d1d5a3da594e99b4fa42df404f5"},
    {file = "regex-2026.7.19-cp314-cp314-manylinux2014_aarch64.manylinux_2_17_aarch64.manylinux_2_28_aarch64.whl", hash = "sha256:d19662dbedbe783d323196312d38f5ba53cf56296378252171985da6899887d3"},
    {file = "regex-2026.7.19-cp314-cp314-manylinux2014_ppc64le.manylinux_2_17_ppc64le.manylinux_2_28_ppc64le.whl", hash = "sha256:d15df07081d91b76ff20d43f94592ee110330152d617b730fdbe5ef9fb680053"},
    {file = "regex-2026.7.19-cp314-cp314-manylinux2014_s390x.manylinux_2_17_s390x.manylinux_2_28_s390x.whl", hash = "sha256:56ad4d9f77df871a99e25c37091052a02528ec0eb059de928ee33956b854b45b"},
    {file = "regex-2026.7.19-cp314-cp314-manylinux2014_x86_64.manylinux_2_17_x86_64.manylinux_2_28_x86_64.whl", hash = "sha256:7322ec6cc9fba9d49ab888bb82d67ac5625627aa168f0165139b17018df3fb8a"},
    {file = "regex-2026.7.19-cp314-cp314-manylinux_2_31_riscv64.manylinux_2_39_riscv64.whl", hash = "sha256:9c7472192ebfad53a6be7c4a8bfb2d64b81c0e93a1fc8c57e1dd0b638297b5d1"},
    {file = "regex-2026.7.19-cp314-cp314-musllinux_1_2_aarch64.whl", hash = "sha256:c10b82c2634df08dfb13b1f04e38fe310d086ee092f4f69c0c8da234251e556e"},
    {file = "regex-2026.7.19-cp314-cp314-musllinux_1_2_ppc64le.whl", hash = "sha256:17ed5692f6acc4183e98331101a5f9e4f64d72fe58b753da4d444a2c77d05b12"},
    {file = "regex-2026.7.19-cp314-cp314-musllinux_1_2_riscv64.whl", hash = "sha256:22a992de9a0d91bda927bf02b94351d737a0302905432c88a53de7c4b9ce62e2"},
    {file = "regex-2026.7.19-cp314-cp314-musllinux_1_2_s390x.whl", hash = "sha256:618a0aed532be87294c4477b0481f3aa0f1520f4014a4374dd4cf789b4cd2c97"},
    {file = "regex-2026.7.19-cp314-cp314-musllinux_1_2_x86_64.whl", hash = "sha256:2ce9e679f776649746729b6c86382da519ef649c8e34cc41df0d2e5e0f6c36d4"},
    {file = "regex-2026.7.19-cp314-cp314-win32.whl", hash = "sha256:73f272fba87b8ccfe70a137d02a54af386f6d27aa509fbffdd978f5947aae1aa"},
    {file = "regex-2026.7.19-cp314-cp314-win_amd64.whl", hash = "sha256:d721e53758b2cca74990185eb0671dd466d7a388a1a45d0c6f4c13cef41a68ac"},
    {file = "regex-2026.7.19-cp314-cp314-win_arm64.whl", hash = "sha256:65fa6cb38ed5e9c3637e68e544f598b39c3b86b808ed0627a67b68320384b459"},
    {file = "regex-2026.7.19-cp314-cp314t-macosx_10_13_universal2.whl", hash = "sha256:5a2721c8720e2cb3c209925dfb9200199b4b07361c9e01d321719404b21458b3"},
    {file = "regex-2026.7.19-cp314-cp314t-macosx_10_13_x86_64.whl", hash = "sha256:199535629f25caf89698039af3d1ad5fcae7f933e2112c73f1cdf49165c99518"},
    {file = "regex-2026.7.19-cp314-cp314t-macosx_11_0_arm64.whl", hash = "sha256:9b60d7814174f059e5de4ab98271cc5ba9259cfea55273a81544dceea32dc8d9"},
    {file = "regex-2026.7.19-cp314-cp314t-manylinux2014_aarch64.manylinux_2_17_aarch64.manylinux_2_28_aarch64.whl", hash = "sha256:dbece16025afda5e3031af0c4059207e61dcf73ef13af844964f57f387d1c435"},
    {file = "regex-2026.7.19-cp314-cp314t-manylinux2014_ppc64le.manylinux_2_17_ppc64le.manylinux_2_28_ppc64le.whl", hash = "sha256:d24ecb4f5e009ea0bd275ee37ad9953b32005e2e5e60f8bbae16da0dbbf0d3a0"},
    {file = "regex-2026.7.19-cp314-cp314t-manylinux2014_s390x.manylinux_2_17_s390x.manylinux_2_28_s390x.whl", hash = "sha256:8cae6fd77a5b72dae505084b1a2ee0360139faf72fedbab667cd7cc65aae7a6a"},
    {file = "regex-2026.7.19-cp314-cp314t-manylinux2014_x86_64.manylinux_2_17_x86_64.manylinux_2_28_x86_64.whl", hash = "sha256:9724e6cb5e478cd7d8cabf027826178739cb18cf0e117d0e32814d479fa02276"},
    {file = "regex-2026.7.19-cp314-cp314t-manylinux_2_31_riscv64.manylinux_2_39_riscv64.whl", hash = "sha256:572fc57b0009c735ee56c175ea021b637a15551a312f56734277f923d6fd0f6c"},
    {file = "regex-2026.7.19-cp314-cp314t-musllinux_1_2_aarch64.whl", hash = "sha256:20568e182eb82d39a6bf7cff3fd58566f14c75c6f74b2c8c96537eecf9010e3a"},
    {file = "regex-2026.7.19-cp314-cp314t-musllinux_1_2_ppc64le.whl", hash = "sha256:1d58561843f0ff7dc78b4c28b5e2dc388f3eff94ebc8a232a3adba961fc00009"},
    {file = "regex-2026.7.19-cp314-cp314t-musllinux_1_2_riscv64.whl", hash = "sha256:61bb1bd45520aacd56dd80943bd34991fb5350afdd1f36f2282230fd5154a218"},
    {file = "regex-2026.7.19-cp314-cp314t-musllinux_1_2_s390x.whl", hash = "sha256:cd3584591ea4429026cdb931b054342c2bcf189b44ff367f8d5c15bc092a2966"},
    {file = "regex-2026.7.19-cp314-cp314t-musllinux_1_2_x86_64.whl", hash = "sha256:5cc26a66e212fa5d6c6170c3a40d99d888db3020c6fdab1523250d4341382e44"},
    {file = "regex-2026.7.19-cp314-cp314t-win32.whl", hash = "sha256:2c4e61e2e1be56f63ec3cc618aa9e0de81ef6f43d177205451840022e24f5b78"},
    {file = "regex-2026.7.19-cp314-cp314t-win_amd64.whl", hash = "sha256:c639ea314df70a7b2811e8020448c75af8c9445f5a60f8a4ced81c306a9380c2"},
    {file = "regex-2026.7.19-cp314-cp314t-win_arm64.whl", hash = "sha256:9a15e785f244f3e07847b984ce8773fc3da10a9f3c131cc49a4c5b4d672b4547"},
    {file = "regex-2026.7.19.tar.gz", hash = "sha256:7e77b324909c1617cbb4c668677e2c6ae13f44d7c1de0d4f15f2e3c10f3315b5"},
]

[[package]]
name = "ruff"
version = "0.15.22"
description = "An extremely fast Python linter and code formatter, written in Rust."
optional = false
python-versions = ">=3.7"
groups = ["dev"]
files = [
    {file = "ruff-0.15.22-py3-none-linux_armv6l.whl", hash = "sha256:44423e73493737f5e7c5b41d475483898ff37afcdae38bc3da5085e29af1c2d8"},
    {file = "ruff-0.15.22-py3-none-macosx_10_12_x86_64.whl", hash = "sha256:b82c6482946e9eda7ff2e091d25b8bad3f718684e1916d41bd56873cee05b697"},
    {file = "ruff-0.15.22-py3-none-macosx_11_0_arm64.whl", hash = "sha256:11c1c715af53a09f714e011106bffc419751ec8232fcb5da42173284ea3fec6f"},
    {file = "ruff-0.15.22-py3-none-manylinux_2_17_aarch64.manylinux2014_aarch64.whl", hash = "sha256:742a29cf29bddb7c8327895d6a10e0e6c5b38a96dd407af9b5d0857f809c0576"},
    {file = "ruff-0.15.22-py3-none-manylinux_2_17_armv7l.manylinux2014_armv7l.whl", hash = "sha256:72af58b951b0ae395935ae79763dc349bc0eb706319d28f7a33ad2cfb3cfc178"},
    {file = "ruff-0.15.22-py3-none-manylinux_2_17_i686.manylinux2014_i686.whl", hash = "sha256:62d425005c1835eb24e2ee4161cb90e8db263415f4a71c8c72c33abaa6c0c224"},
    {file = "ruff-0.15.22-py3-none-manylinux_2_17_ppc64le.manylinux2014_ppc64le.whl", hash = "sha256:e8b9b3f8779a4f08c969defc3c8c35abffaa757e601ed5ae66d6d1db6519969a"},
    {file = "ruff-0.15.22-py3-none-manylinux_2_17_s390x.manylinux2014_s390x.whl", hash = "sha256:1e0dd1b2e4d3d585f897a0d137cbf4eaf6223bef4e8ce34d6bb12556c5f9249e"},
    {file = "ruff-0.15.22-py3-none-manylinux_2_17_x86_64.manylinux2014_x86_64.whl", hash = "sha256:365523eb91d9224e1bcb03b022fbf0facb8f9e23792a2c53d9d4b3924bdbdebb"},
    {file = "ruff-0.15.22-py3-none-manylinux_2_31_riscv64.whl", hash = "sha256:fabfd168afdf29fee5be98b831efa9683c94d7c5a3b58b9ce5a2e38444589a74"},
    {file = "ruff-0.15.22-py3-none-musllinux_1_2_aarch64.whl", hash = "sha256:225dbf095a87f1d9f90f5fd7924d2613ee452a75a4308c63a8f50f761787aa7c"},
    {file = "ruff-0.15.22-py3-none-musllinux_1_2_armv7l.whl", hash = "sha256:1877d63b9d24ed278744f1523fd11b85540566d54641f97c566d7d9dc5ca5296"},
    {file = "ruff-0.15.22-py3-none-musllinux_1_2_i686.whl", hash = "sha256:a1606c510bd7215680d32efab38965f7cdec3ef69f5170a3f4791404ffdd5262"},
    {file = "ruff-0.15.22-py3-none-musllinux_1_2_x86_64.whl", hash = "sha256:630479b18625f5ffc373f77603a22a9f8ac0acd7ff0501178b5db28ec71e9c64"},
    {file = "ruff-0.15.22-py3-none-win32.whl", hash = "sha256:e5ba0e4a13fd14abbed2a77b517a3911290c6c6c59ef67784328d1668fab76cf"},
    {file = "ruff-0.15.22-py3-none-win_amd64.whl", hash = "sha256:9be63ba1eb936acd2d1342fb8337c356353706fce233b2a15a09a97037e6acde"},
    {file = "ruff-0.15.22-py3-none-win_arm64.whl", hash = "sha256:e1168075b72158510839f250027659cdd78476f40507dd517892304c41318661"},
    {file = "ruff-0.15.22.tar.gz", hash = "sha256:3f15175b1fb580126f58285a5dae6b2ea89000136d980c64499211f116b54809"},
]

[[package]]
name = "six"
version = "1.16.0"
description = "Python 2 and 3 compatibility utilities"
optional = false
python-versions = ">=2.7, !=3.0.*, !=3.1.*, !=3.2.*"
groups = ["main"]
files = [
    {file = "six-1.16.0-py2.py3-none-any.whl", hash = "sha256:8abb2f1d86890a2dfb989f9a77cfcfd3e47c2a354b01111771326f8aa26e0254"},
    {file = "six-1.16.0.tar.gz", hash = "sha256:1e61c37477a1626458e36f7b1d82aa5c9b094fa4802892072e49de9c60c4c926"},
]

[[package]]
name = "tzdata"
version = "2023.3"
description = "Provider of IANA time zone data"
optional = false
python-versions = ">=2"
groups = ["main"]
markers = "platform_system == \"Windows\""
files = [
    {file = "tzdata-2023.3-py2.py3-none-any.whl", hash = "sha256:7e65763eef3120314099b6939b5546db7adce1e7d6f2e179e3df563c70511eda"},
    {file = "tzdata-2023.3.tar.gz", hash = "sha256:11ef1e08e54acb0d4f95bdb1be05da659673de4acbd21bf9c69e94cc5e907a3a"},
]

[[package]]
name = "tzlocal"
version = "5.0.1"
description = "tzinfo object for the local timezone"
optional = false
python-versions = ">=3.7"
groups = ["main"]
files = [
    {file = "tzlocal-5.0.1-py3-none-any.whl", hash = "sha256:f3596e180296aaf2dbd97d124fe76ae3a0e3d32b258447de7b939b3fd4be992f"},
    {file = "tzlocal-5.0.1.tar.gz", hash = "sha256:46eb99ad4bdb71f3f72b7d24f4267753e240944ecfc16f25d2719ba89827a803"},
]

[package.dependencies]
tzdata = {version = "*", markers = "platform_system == \"Windows\""}

[package.extras]
devenv = ["black", "check-manifest", "flake8", "pyroma", "pytest (>=4.3)", "pytest-cov", "pytest-mock (>=3.3)", "zest.releaser"]

[metadata]
lock-version = "2.1"
python-versions = "^3.11"
content-hash = "5d9bd22714d9a75f1d836e3f86a356850736c96bfaedb9ae81afb4e16ad07afa"
